// !$*UTF8*$!
{
	archiveVersion = 1;
	classes = {
	};
	objectVersion = 46;
	objects = {

/* Begin PBXBuildFile section */
		4F1C13371E63D9D9006BC53F /* AppDelegate.swift in Sources */ = {isa = PBXBuildFile; fileRef = 4F1C13361E63D9D9006BC53F /* AppDelegate.swift */; };
		4F1C133C1E63D9D9006BC53F /* Main.storyboard in Resources */ = {isa = PBXBuildFile; fileRef = 4F1C133A1E63D9D9006BC53F /* Main.storyboard */; };
		4F1C133E1E63D9D9006BC53F /* Assets.xcassets in Resources */ = {isa = PBXBuildFile; fileRef = 4F1C133D1E63D9D9006BC53F /* Assets.xcassets */; };
		4F1C13411E63D9D9006BC53F /* LaunchScreen.storyboard in Resources */ = {isa = PBXBuildFile; fileRef = 4F1C133F1E63D9D9006BC53F /* LaunchScreen.storyboard */; };
		4F1C13541E63FE81006BC53F /* Home.storyboard in Resources */ = {isa = PBXBuildFile; fileRef = 4F1C13521E63FE81006BC53F /* Home.storyboard */; };
		4F1C13571E63FEC9006BC53F /* Live.storyboard in Resources */ = {isa = PBXBuildFile; fileRef = 4F1C13551E63FEC9006BC53F /* Live.storyboard */; };
		4F1C135A1E63FF05006BC53F /* Follow.storyboard in Resources */ = {isa = PBXBuildFile; fileRef = 4F1C13581E63FF05006BC53F /* Follow.storyboard */; };
		4F1C135D1E63FF37006BC53F /* Profile.storyboard in Resources */ = {isa = PBXBuildFile; fileRef = 4F1C135B1E63FF37006BC53F /* Profile.storyboard */; };
		4FF8BA291E64126A002440D6 /* LSLMainTabbarController.swift in Sources */ = {isa = PBXBuildFile; fileRef = 4FF8BA281E64126A002440D6 /* LSLMainTabbarController.swift */; };
		4FF8BA371E641360002440D6 /* LSLHomeController.swift in Sources */ = {isa = PBXBuildFile; fileRef = 4FF8BA361E641360002440D6 /* LSLHomeController.swift */; };
		4FF8BA3D1E6418AB002440D6 /* UIBarButtonItem+Extension.swift in Sources */ = {isa = PBXBuildFile; fileRef = 4FF8BA3C1E6418AB002440D6 /* UIBarButtonItem+Extension.swift */; };
/* End PBXBuildFile section */

/* Begin PBXFileReference section */
		4F1C13331E63D9D9006BC53F /* LSLZB.app */ = {isa = PBXFileReference; explicitFileType = wrapper.application; includeInIndex = 0; path = LSLZB.app; sourceTree = BUILT_PRODUCTS_DIR; };
		4F1C13361E63D9D9006BC53F /* AppDelegate.swift */ = {isa = PBXFileReference; lastKnownFileType = sourcecode.swift; path = AppDelegate.swift; sourceTree = "<group>"; };
		4F1C133B1E63D9D9006BC53F /* Base */ = {isa = PBXFileReference; lastKnownFileType = file.storyboard; name = Base; path = Base.lproj/Main.storyboard; sourceTree = "<group>"; };
		4F1C133D1E63D9D9006BC53F /* Assets.xcassets */ = {isa = PBXFileReference; lastKnownFileType = folder.assetcatalog; path = Assets.xcassets; sourceTree = "<group>"; };
		4F1C13401E63D9D9006BC53F /* Base */ = {isa = PBXFileReference; lastKnownFileType = file.storyboard; name = Base; path = Base.lproj/LaunchScreen.storyboard; sourceTree = "<group>"; };
		4F1C13421E63D9D9006BC53F /* Info.plist */ = {isa = PBXFileReference; lastKnownFileType = text.plist.xml; path = Info.plist; sourceTree = "<group>"; };
		4F1C13531E63FE81006BC53F /* Base */ = {isa = PBXFileReference; lastKnownFileType = file.storyboard; name = Base; path = LSLZB/Base.lproj/Home.storyboard; sourceTree = SOURCE_ROOT; };
		4F1C13561E63FEC9006BC53F /* Base */ = {isa = PBXFileReference; lastKnownFileType = file.storyboard; name = Base; path = LSLZB/Base.lproj/Live.storyboard; sourceTree = SOURCE_ROOT; };
		4F1C13591E63FF05006BC53F /* Base */ = {isa = PBXFileReference; lastKnownFileType = file.storyboard; name = Base; path = LSLZB/Base.lproj/Follow.storyboard; sourceTree = SOURCE_ROOT; };
		4F1C135C1E63FF37006BC53F /* Base */ = {isa = PBXFileReference; lastKnownFileType = file.storyboard; name = Base; path = LSLZB/Base.lproj/Profile.storyboard; sourceTree = SOURCE_ROOT; };
		4FF8BA281E64126A002440D6 /* LSLMainTabbarController.swift */ = {isa = PBXFileReference; fileEncoding = 4; lastKnownFileType = sourcecode.swift; path = LSLMainTabbarController.swift; sourceTree = "<group>"; };
		4FF8BA361E641360002440D6 /* LSLHomeController.swift */ = {isa = PBXFileReference; fileEncoding = 4; lastKnownFileType = sourcecode.swift; path = LSLHomeController.swift; sourceTree = "<group>"; };
		4FF8BA3C1E6418AB002440D6 /* UIBarButtonItem+Extension.swift */ = {isa = PBXFileReference; fileEncoding = 4; lastKnownFileType = sourcecode.swift; path = "UIBarButtonItem+Extension.swift"; sourceTree = "<group>"; };
/* End PBXFileReference section */

/* Begin PBXFrameworksBuildPhase section */
		4F1C13301E63D9D9006BC53F /* Frameworks */ = {
			isa = PBXFrameworksBuildPhase;
			buildActionMask = 2147483647;
			files = (
			);
			runOnlyForDeploymentPostprocessing = 0;
		};
/* End PBXFrameworksBuildPhase section */

/* Begin PBXGroup section */
		4F1C132A1E63D9D9006BC53F = {
			isa = PBXGroup;
			children = (
				4F1C13351E63D9D9006BC53F /* LSLZB */,
				4F1C13341E63D9D9006BC53F /* Products */,
			);
			sourceTree = "<group>";
		};
		4F1C13341E63D9D9006BC53F /* Products */ = {
			isa = PBXGroup;
			children = (
				4F1C13331E63D9D9006BC53F /* LSLZB.app */,
			);
			name = Products;
			sourceTree = "<group>";
		};
		4F1C13351E63D9D9006BC53F /* LSLZB */ = {
			isa = PBXGroup;
			children = (
				4F1C13481E63ECC1006BC53F /* Classes */,
				4F1C13361E63D9D9006BC53F /* AppDelegate.swift */,
				4F1C133D1E63D9D9006BC53F /* Assets.xcassets */,
				4F1C133F1E63D9D9006BC53F /* LaunchScreen.storyboard */,
				4F1C13421E63D9D9006BC53F /* Info.plist */,
			);
			path = LSLZB;
			sourceTree = "<group>";
		};
		4F1C13481E63ECC1006BC53F /* Classes */ = {
			isa = PBXGroup;
			children = (
				4F1C134C1E63ECC1006BC53F /* Main */,
				4F1C134A1E63ECC1006BC53F /* Home */,
				4F1C13491E63ECC1006BC53F /* Follow */,
				4F1C134B1E63ECC1006BC53F /* Live */,
				4F1C134D1E63ECC1006BC53F /* Profile */,
				4F1C134E1E63ECC1006BC53F /* Tools */,
			);
			path = Classes;
			sourceTree = "<group>";
		};
		4F1C13491E63ECC1006BC53F /* Follow */ = {
			isa = PBXGroup;
			children = (
				4FF8BA2D1E6412BE002440D6 /* Controller */,
				4FF8BA2E1E6412BE002440D6 /* Model */,
				4FF8BA2F1E6412BE002440D6 /* View */,
			);
			path = Follow;
			sourceTree = "<group>";
		};
		4F1C134A1E63ECC1006BC53F /* Home */ = {
			isa = PBXGroup;
			children = (
				4FF8BA2A1E6412A2002440D6 /* Controller */,
				4FF8BA2B1E6412A2002440D6 /* Model */,
				4FF8BA2C1E6412A2002440D6 /* View */,
			);
			path = Home;
			sourceTree = "<group>";
		};
		4F1C134B1E63ECC1006BC53F /* Live */ = {
			isa = PBXGroup;
			children = (
				4FF8BA301E6412DB002440D6 /* Controller */,
				4FF8BA311E6412DB002440D6 /* Model */,
				4FF8BA321E6412DB002440D6 /* View */,
			);
			path = Live;
			sourceTree = "<group>";
		};
		4F1C134C1E63ECC1006BC53F /* Main */ = {
			isa = PBXGroup;
			children = (
				4FF8BA251E641232002440D6 /* Controller */,
				4FF8BA261E641232002440D6 /* Model */,
				4FF8BA271E641232002440D6 /* View */,
			);
			path = Main;
			sourceTree = "<group>";
		};
		4F1C134D1E63ECC1006BC53F /* Profile */ = {
			isa = PBXGroup;
			children = (
				4FF8BA331E6412EF002440D6 /* Controller */,
				4FF8BA341E6412EF002440D6 /* Model */,
				4FF8BA351E6412EF002440D6 /* View */,
			);
			path = Profile;
			sourceTree = "<group>";
		};
		4F1C134E1E63ECC1006BC53F /* Tools */ = {
			isa = PBXGroup;
			children = (
				4FF8BA381E641813002440D6 /* Extension */,
			);
			path = Tools;
			sourceTree = "<group>";
		};
		4FF8BA251E641232002440D6 /* Controller */ = {
			isa = PBXGroup;
			children = (
				4F1C133A1E63D9D9006BC53F /* Main.storyboard */,
				4FF8BA281E64126A002440D6 /* LSLMainTabbarController.swift */,
			);
			path = Controller;
			sourceTree = "<group>";
		};
		4FF8BA261E641232002440D6 /* Model */ = {
			isa = PBXGroup;
			children = (
			);
			path = Model;
			sourceTree = "<group>";
		};
		4FF8BA271E641232002440D6 /* View */ = {
			isa = PBXGroup;
			children = (
			);
			path = View;
			sourceTree = "<group>";
		};
		4FF8BA2A1E6412A2002440D6 /* Controller */ = {
			isa = PBXGroup;
			children = (
				4F1C13521E63FE81006BC53F /* Home.storyboard */,
				4FF8BA361E641360002440D6 /* LSLHomeController.swift */,
			);
			path = Controller;
			sourceTree = "<group>";
		};
		4FF8BA2B1E6412A2002440D6 /* Model */ = {
			isa = PBXGroup;
			children = (
			);
			path = Model;
			sourceTree = "<group>";
		};
		4FF8BA2C1E6412A2002440D6 /* View */ = {
			isa = PBXGroup;
			children = (
			);
			path = View;
			sourceTree = "<group>";
		};
		4FF8BA2D1E6412BE002440D6 /* Controller */ = {
			isa = PBXGroup;
			children = (
				4F1C13581E63FF05006BC53F /* Follow.storyboard */,
			);
			path = Controller;
			sourceTree = "<group>";
		};
		4FF8BA2E1E6412BE002440D6 /* Model */ = {
			isa = PBXGroup;
			children = (
			);
			path = Model;
			sourceTree = "<group>";
		};
		4FF8BA2F1E6412BE002440D6 /* View */ = {
			isa = PBXGroup;
			children = (
			);
			path = View;
			sourceTree = "<group>";
		};
		4FF8BA301E6412DB002440D6 /* Controller */ = {
			isa = PBXGroup;
			children = (
				4F1C13551E63FEC9006BC53F /* Live.storyboard */,
			);
			path = Controller;
			sourceTree = "<group>";
		};
		4FF8BA311E6412DB002440D6 /* Model */ = {
			isa = PBXGroup;
			children = (
			);
			path = Model;
			sourceTree = "<group>";
		};
		4FF8BA321E6412DB002440D6 /* View */ = {
			isa = PBXGroup;
			children = (
			);
			path = View;
			sourceTree = "<group>";
		};
		4FF8BA331E6412EF002440D6 /* Controller */ = {
			isa = PBXGroup;
			children = (
				4F1C135B1E63FF37006BC53F /* Profile.storyboard */,
			);
			path = Controller;
			sourceTree = "<group>";
		};
		4FF8BA341E6412EF002440D6 /* Model */ = {
			isa = PBXGroup;
			children = (
			);
			path = Model;
			sourceTree = "<group>";
		};
		4FF8BA351E6412EF002440D6 /* View */ = {
			isa = PBXGroup;
			children = (
			);
			path = View;
			sourceTree = "<group>";
		};
		4FF8BA381E641813002440D6 /* Extension */ = {
			isa = PBXGroup;
			children = (
				4FF8BA3C1E6418AB002440D6 /* UIBarButtonItem+Extension.swift */,
			);
			path = Extension;
			sourceTree = "<group>";
		};
/* End PBXGroup section */

/* Begin PBXNativeTarget section */
		4F1C13321E63D9D9006BC53F /* LSLZB */ = {
			isa = PBXNativeTarget;
			buildConfigurationList = 4F1C13451E63D9D9006BC53F /* Build configuration list for PBXNativeTarget "LSLZB" */;
			buildPhases = (
				4F1C132F1E63D9D9006BC53F /* Sources */,
				4F1C13301E63D9D9006BC53F /* Frameworks */,
				4F1C13311E63D9D9006BC53F /* Resources */,
			);
			buildRules = (
			);
			dependencies = (
			);
			name = LSLZB;
			productName = LSLZB;
			productReference = 4F1C13331E63D9D9006BC53F /* LSLZB.app */;
			productType = "com.apple.product-type.application";
		};
/* End PBXNativeTarget section */

/* Begin PBXProject section */
		4F1C132B1E63D9D9006BC53F /* Project object */ = {
			isa = PBXProject;
			attributes = {
				CLASSPREFIX = LSL;
				LastSwiftUpdateCheck = 0820;
				LastUpgradeCheck = 0820;
				ORGANIZATIONNAME = loveling;
				TargetAttributes = {
					4F1C13321E63D9D9006BC53F = {
						CreatedOnToolsVersion = 8.2;
						DevelopmentTeam = GEU5356DKB;
						LastSwiftMigration = 0820;
						ProvisioningStyle = Automatic;
					};
				};
			};
			buildConfigurationList = 4F1C132E1E63D9D9006BC53F /* Build configuration list for PBXProject "LSLZB" */;
			compatibilityVersion = "Xcode 3.2";
			developmentRegion = English;
			hasScannedForEncodings = 0;
			knownRegions = (
				en,
				Base,
			);
			mainGroup = 4F1C132A1E63D9D9006BC53F;
			productRefGroup = 4F1C13341E63D9D9006BC53F /* Products */;
			projectDirPath = "";
			projectRoot = "";
			targets = (
				4F1C13321E63D9D9006BC53F /* LSLZB */,
			);
		};
/* End PBXProject section */

/* Begin PBXResourcesBuildPhase section */
		4F1C13311E63D9D9006BC53F /* Resources */ = {
			isa = PBXResourcesBuildPhase;
			buildActionMask = 2147483647;
			files = (
				4F1C13411E63D9D9006BC53F /* LaunchScreen.storyboard in Resources */,
				4F1C133E1E63D9D9006BC53F /* Assets.xcassets in Resources */,
				4F1C133C1E63D9D9006BC53F /* Main.storyboard in Resources */,
				4F1C13571E63FEC9006BC53F /* Live.storyboard in Resources */,
				4F1C13541E63FE81006BC53F /* Home.storyboard in Resources */,
				4F1C135D1E63FF37006BC53F /* Profile.storyboard in Resources */,
				4F1C135A1E63FF05006BC53F /* Follow.storyboard in Resources */,
			);
			runOnlyForDeploymentPostprocessing = 0;
		};
/* End PBXResourcesBuildPhase section */

/* Begin PBXSourcesBuildPhase section */
		4F1C132F1E63D9D9006BC53F /* Sources */ = {
			isa = PBXSourcesBuildPhase;
			buildActionMask = 2147483647;
			files = (
				4FF8BA291E64126A002440D6 /* LSLMainTabbarController.swift in Sources */,
				4FF8BA371E641360002440D6 /* LSLHomeController.swift in Sources */,
				4F1C13371E63D9D9006BC53F /* AppDelegate.swift in Sources */,
				4FF8BA3D1E6418AB002440D6 /* UIBarButtonItem+Extension.swift in Sources */,
			);
			runOnlyForDeploymentPostprocessing = 0;
		};
/* End PBXSourcesBuildPhase section */

/* Begin PBXVariantGroup section */
		4F1C133A1E63D9D9006BC53F /* Main.storyboard */ = {
			isa = PBXVariantGroup;
			children = (
				4F1C133B1E63D9D9006BC53F /* Base */,
			);
			name = Main.storyboard;
			path = ../../..;
			sourceTree = "<group>";
		};
		4F1C133F1E63D9D9006BC53F /* LaunchScreen.storyboard */ = {
			isa = PBXVariantGroup;
			children = (
				4F1C13401E63D9D9006BC53F /* Base */,
			);
			name = LaunchScreen.storyboard;
			sourceTree = "<group>";
		};
		4F1C13521E63FE81006BC53F /* Home.storyboard */ = {
			isa = PBXVariantGroup;
			children = (
				4F1C13531E63FE81006BC53F /* Base */,
			);
			name = Home.storyboard;
			path = ../../Main;
			sourceTree = "<group>";
		};
		4F1C13551E63FEC9006BC53F /* Live.storyboard */ = {
			isa = PBXVariantGroup;
			children = (
				4F1C13561E63FEC9006BC53F /* Base */,
			);
			name = Live.storyboard;
			path = ../../Main;
			sourceTree = "<group>";
		};
		4F1C13581E63FF05006BC53F /* Follow.storyboard */ = {
			isa = PBXVariantGroup;
			children = (
				4F1C13591E63FF05006BC53F /* Base */,
			);
			name = Follow.storyboard;
			path = ../../Main;
			sourceTree = "<group>";
		};
		4F1C135B1E63FF37006BC53F /* Profile.storyboard */ = {
			isa = PBXVariantGroup;
			children = (
				4F1C135C1E63FF37006BC53F /* Base */,
			);
			name = Profile.storyboard;
			path = ../../Main;
			sourceTree = "<group>";
		};
/* End PBXVariantGroup section */

/* Begin XCBuildConfiguration section */
		4F1C13431E63D9D9006BC53F /* Debug */ = {
			isa = XCBuildConfiguration;
			buildSettings = {
				ALWAYS_SEARCH_USER_PATHS = NO;
				CLANG_ANALYZER_NONNULL = YES;
				CLANG_CXX_LANGUAGE_STANDARD = "gnu++0x";
				CLANG_CXX_LIBRARY = "libc++";
				CLANG_ENABLE_MODULES = YES;
				CLANG_ENABLE_OBJC_ARC = YES;
				CLANG_WARN_BOOL_CONVERSION = YES;
				CLANG_WARN_CONSTANT_CONVERSION = YES;
				CLANG_WARN_DIRECT_OBJC_ISA_USAGE = YES_ERROR;
				CLANG_WARN_DOCUMENTATION_COMMENTS = YES;
				CLANG_WARN_EMPTY_BODY = YES;
				CLANG_WARN_ENUM_CONVERSION = YES;
				CLANG_WARN_INFINITE_RECURSION = YES;
				CLANG_WARN_INT_CONVERSION = YES;
				CLANG_WARN_OBJC_ROOT_CLASS = YES_ERROR;
				CLANG_WARN_SUSPICIOUS_MOVE = YES;
				CLANG_WARN_UNREACHABLE_CODE = YES;
				CLANG_WARN__DUPLICATE_METHOD_MATCH = YES;
				"CODE_SIGN_IDENTITY[sdk=iphoneos*]" = "iPhone Developer";
				COPY_PHASE_STRIP = NO;
				DEBUG_INFORMATION_FORMAT = dwarf;
				ENABLE_STRICT_OBJC_MSGSEND = YES;
				ENABLE_TESTABILITY = YES;
				GCC_C_LANGUAGE_STANDARD = gnu99;
				GCC_DYNAMIC_NO_PIC = NO;
				GCC_NO_COMMON_BLOCKS = YES;
				GCC_OPTIMIZATION_LEVEL = 0;
				GCC_PREPROCESSOR_DEFINITIONS = (
					"DEBUG=1",
					"$(inherited)",
				);
				GCC_WARN_64_TO_32_BIT_CONVERSION = YES;
				GCC_WARN_ABOUT_RETURN_TYPE = YES_ERROR;
				GCC_WARN_UNDECLARED_SELECTOR = YES;
				GCC_WARN_UNINITIALIZED_AUTOS = YES_AGGRESSIVE;
				GCC_WARN_UNUSED_FUNCTION = YES;
				GCC_WARN_UNUSED_VARIABLE = YES;
				IPHONEOS_DEPLOYMENT_TARGET = 10.2;
				MTL_ENABLE_DEBUG_INFO = YES;
				ONLY_ACTIVE_ARCH = YES;
				SDKROOT = iphoneos;
				SWIFT_ACTIVE_COMPILATION_CONDITIONS = DEBUG;
				SWIFT_OPTIMIZATION_LEVEL = "-Onone";
				TARGETED_DEVICE_FAMILY = "1,2";
			};
			name = Debug;
		};
		4F1C13441E63D9D9006BC53F /* Release */ = {
			isa = XCBuildConfiguration;
			buildSettings = {
				ALWAYS_SEARCH_USER_PATHS = NO;
				CLANG_ANALYZER_NONNULL = YES;
				CLANG_CXX_LANGUAGE_STANDARD = "gnu++0x";
				CLANG_CXX_LIBRARY = "libc++";
				CLANG_ENABLE_MODULES = YES;
				CLANG_ENABLE_OBJC_ARC = YES;
				CLANG_WARN_BOOL_CONVERSION = YES;
				CLANG_WARN_CONSTANT_CONVERSION = YES;
				CLANG_WARN_DIRECT_OBJC_ISA_USAGE = YES_ERROR;
				CLANG_WARN_DOCUMENTATION_COMMENTS = YES;
				CLANG_WARN_EMPTY_BODY = YES;
				CLANG_WARN_ENUM_CONVERSION = YES;
				CLANG_WARN_INFINITE_RECURSION = YES;
				CLANG_WARN_INT_CONVERSION = YES;
				CLANG_WARN_OBJC_ROOT_CLASS = YES_ERROR;
				CLANG_WARN_SUSPICIOUS_MOVE = YES;
				CLANG_WARN_UNREACHABLE_CODE = YES;
				CLANG_WARN__DUPLICATE_METHOD_MATCH = YES;
				"CODE_SIGN_IDENTITY[sdk=iphoneos*]" = "iPhone Developer";
				COPY_PHASE_STRIP = NO;
				DEBUG_INFORMATION_FORMAT = "dwarf-with-dsym";
				ENABLE_NS_ASSERTIONS = NO;
				ENABLE_STRICT_OBJC_MSGSEND = YES;
				GCC_C_LANGUAGE_STANDARD = gnu99;
				GCC_NO_COMMON_BLOCKS = YES;
				GCC_WARN_64_TO_32_BIT_CONVERSION = YES;
				GCC_WARN_ABOUT_RETURN_TYPE = YES_ERROR;
				GCC_WARN_UNDECLARED_SELECTOR = YES;
				GCC_WARN_UNINITIALIZED_AUTOS = YES_AGGRESSIVE;
				GCC_WARN_UNUSED_FUNCTION = YES;
				GCC_WARN_UNUSED_VARIABLE = YES;
				IPHONEOS_DEPLOYMENT_TARGET = 10.2;
				MTL_ENABLE_DEBUG_INFO = NO;
				SDKROOT = iphoneos;
				SWIFT_OPTIMIZATION_LEVEL = "-Owholemodule";
				TARGETED_DEVICE_FAMILY = "1,2";
				VALIDATE_PRODUCT = YES;
			};
			name = Release;
		};
		4F1C13461E63D9D9006BC53F /* Debug */ = {
			isa = XCBuildConfiguration;
			buildSettings = {
				ASSETCATALOG_COMPILER_APPICON_NAME = AppIcon;
				ASSETCATALOG_COMPILER_LAUNCHIMAGE_NAME = LaunchImage;
				CLANG_ENABLE_MODULES = YES;
				DEVELOPMENT_TEAM = GEU5356DKB;
				INFOPLIST_FILE = LSLZB/Info.plist;
				IPHONEOS_DEPLOYMENT_TARGET = 8.0;
				LD_RUNPATH_SEARCH_PATHS = "$(inherited) @executable_path/Frameworks";
				PRODUCT_BUNDLE_IDENTIFIER = lsl.LSLZB;
				PRODUCT_NAME = "$(TARGET_NAME)";
				SWIFT_OPTIMIZATION_LEVEL = "-Onone";
				SWIFT_VERSION = 3.0;
				TARGETED_DEVICE_FAMILY = "1,2";
			};
			name = Debug;
		};
		4F1C13471E63D9D9006BC53F /* Release */ = {
			isa = XCBuildConfiguration;
			buildSettings = {
				ASSETCATALOG_COMPILER_APPICON_NAME = AppIcon;
				ASSETCATALOG_COMPILER_LAUNCHIMAGE_NAME = LaunchImage;
				CLANG_ENABLE_MODULES = YES;
				DEVELOPMENT_TEAM = GEU5356DKB;
				INFOPLIST_FILE = LSLZB/Info.plist;
				IPHONEOS_DEPLOYMENT_TARGET = 8.0;
				LD_RUNPATH_SEARCH_PATHS = "$(inherited) @executable_path/Frameworks";
				PRODUCT_BUNDLE_IDENTIFIER = lsl.LSLZB;
				PRODUCT_NAME = "$(TARGET_NAME)";
				SWIFT_VERSION = 3.0;
				TARGETED_DEVICE_FAMILY = "1,2";
			};
			name = Release;
		};
/* End XCBuildConfiguration section */

/* Begin XCConfigurationList section */
		4F1C132E1E63D9D9006BC53F /* Build configuration list for PBXProject "LSLZB" */ = {
			isa = XCConfigurationList;
			buildConfigurations = (
				4F1C13431E63D9D9006BC53F /* Debug */,
				4F1C13441E63D9D9006BC53F /* Release */,
			);
			defaultConfigurationIsVisible = 0;
			defaultConfigurationName = Release;
		};
		4F1C13451E63D9D9006BC53F /* Build configuration list for PBXNativeTarget "LSLZB" */ = {
			isa = XCConfigurationList;
			buildConfigurations = (
				4F1C13461E63D9D9006BC53F /* Debug */,
				4F1C13471E63D9D9006BC53F /* Release */,
			);
			defaultConfigurationIsVisible = 0;
			defaultConfigurationName = Release;
		};
/* End XCConfigurationList section */
	};
	rootObject = 4F1C132B1E63D9D9006BC53F /* Project object */;
}
